
Microsoft Visual Studio Solution File, Format Version 12.00
# Visual Studio Version 17
VisualStudioVersion = 17.3.32708.82
MinimumVisualStudioVersion = 10.0.40219.1
Project("{9A19103F-16F7-4668-BE54-9A1E7A4F7556}") = "ProjectK.Toolkit.Wpf.Helpers", "ProjectK.Toolkit.Wpf.Helpers\ProjectK.Toolkit.Wpf.Helpers.csproj", "{6352166B-C767-483C-BA58-D6D46078CBAF}"
EndProject
Global
	GlobalSection(SolutionConfigurationPlatforms) = preSolution
		Debug|Any CPU = Debug|Any CPU
		Release|Any CPU = Release|Any CPU
	EndGlobalSection
	GlobalSection(ProjectConfigurationPlatforms) = postSolution
		{6352166B-C767-483C-BA58-D6D46078CBAF}.Debug|Any CPU.ActiveCfg = Debug|Any CPU
		{6352166B-C767-483C-BA58-D6D46078CBAF}.Debug|Any CPU.Build.0 = Debug|Any CPU
		{6352166B-C767-483C-BA58-D6D46078CBAF}.Release|Any CPU.ActiveCfg = Release|Any CPU
		{6352166B-C767-483C-BA58-D6D46078CBAF}.Release|Any CPU.Build.0 = Release|Any CPU
	EndGlobalSection
	GlobalSection(SolutionProperties) = preSolution
		HideSolutionNode = FALSE
	EndGlobalSection
	GlobalSection(ExtensibilityGlobals) = postSolution
		SolutionGuid = {954A0B00-DF48-418B-82F8-BCBCF622811A}
	EndGlobalSection
EndGlobal
